{
    "version": 3,
    "terraform_version": "0.11.8",
    "serial": 2,
    "lineage": "43811363-8262-5e57-3d0a-83ed9991bc19",
    "modules": [
        {
            "path": [
                "root"
            ],
            "outputs": {},
            "resources": {},
            "depends_on": []
        },
        {
            "path": [
                "root",
                "instances"
            ],
            "outputs": {},
            "resources": {
                "aws_instance.instance": {
                    "type": "aws_instance",
                    "depends_on": [
                        "aws_key_pair.mykeypair",
                        "aws_security_group.allow-ssh",
                        "data.aws_ami.ubuntu"
                    ],
                    "primary": {
                        "id": "i-019daff7c99fe5ddb",
                        "attributes": {
                            "ami": "ami-0ea790e761025f9ce",
                            "arn": "arn:aws:ec2:us-west-2:458372107030:instance/i-019daff7c99fe5ddb",
                            "associate_public_ip_address": "true",
                            "availability_zone": "us-west-2a",
                            "cpu_core_count": "1",
                            "cpu_threads_per_core": "1",
                            "credit_specification.#": "1",
                            "credit_specification.0.cpu_credits": "standard",
                            "disable_api_termination": "false",
                            "ebs_block_device.#": "0",
                            "ebs_optimized": "false",
                            "ephemeral_block_device.#": "0",
                            "get_password_data": "false",
                            "iam_instance_profile": "",
                            "id": "i-019daff7c99fe5ddb",
                            "instance_state": "running",
                            "instance_type": "t2.micro",
                            "ipv6_addresses.#": "0",
                            "key_name": "mykeypair-dev",
                            "monitoring": "false",
                            "network_interface.#": "0",
                            "network_interface_id": "eni-0f64612b86055e4e8",
                            "password_data": "",
                            "placement_group": "",
                            "primary_network_interface_id": "eni-0f64612b86055e4e8",
                            "private_dns": "ip-10-0-101-124.us-west-2.compute.internal",
                            "private_ip": "10.0.101.124",
                            "public_dns": "",
                            "public_ip": "34.219.207.35",
                            "root_block_device.#": "1",
                            "root_block_device.0.delete_on_termination": "true",
                            "root_block_device.0.iops": "100",
                            "root_block_device.0.volume_id": "vol-010b361bbf41d7937",
                            "root_block_device.0.volume_size": "8",
                            "root_block_device.0.volume_type": "gp2",
                            "security_groups.#": "0",
                            "source_dest_check": "true",
                            "subnet_id": "subnet-0d8bb2c02b06182f0",
                            "tags.%": "2",
                            "tags.Environmnent": "dev",
                            "tags.Name": "instance-dev",
                            "tenancy": "default",
                            "volume_tags.%": "0",
                            "vpc_security_group_ids.#": "1",
                            "vpc_security_group_ids.1164903344": "sg-08e8608fb18c7e6f8"
                        },
                        "meta": {
                            "e2bfb730-ecaa-11e6-8f88-34363bc7c4c0": {
                                "create": 600000000000,
                                "delete": 1200000000000,
                                "update": 600000000000
                            },
                            "schema_version": "1"
                        },
                        "tainted": false
                    },
                    "deposed": [],
                    "provider": "provider.aws"
                },
                "aws_key_pair.mykeypair": {
                    "type": "aws_key_pair",
                    "depends_on": [],
                    "primary": {
                        "id": "mykeypair-dev",
                        "attributes": {
                            "fingerprint": "1c:b7:88:3d:ba:aa:1b:59:95:c7:df:fd:e8:21:48:88",
                            "id": "mykeypair-dev",
                            "key_name": "mykeypair-dev",
                            "public_key": "ssh-rsa AAAAB3NzaC1yc2EAAAADAQABAAABAQCscIBH4rE6QesWaUzerLyBjmyZwnVcKg15kz5kmk2jdk0//KFTz2FBNesYtzXQ264lKXV+a6fHUdlMCegVNJepyO9i5WSKx52oW7BjFtBBUtWMONq3YIUCByaw1Cw7jGTuKipKZRI3QbudkCqcBdgs7Fd7gvMV+cEeoe5TRrQNpcTHrMSeg+aCAqup411GQ1wH1O6TDDYaoHrxvbyimCizXIt2CvvKKfNkPomAS0v+CRC68BDG9kjGUW0LnPVGlJfH2hfemjHWxckUDjxqr61XcIrdcXHMD1966C3RrbLhPCx4q13bxIJNtj2L0scVRodCwcZ4HTMfFi/Z/FdoYWen honi@DESKTOP-HONI"
                        },
                        "meta": {
                            "schema_version": "1"
                        },
                        "tainted": false
                    },
                    "deposed": [],
                    "provider": "provider.aws"
                },
                "aws_security_group.allow-ssh": {
                    "type": "aws_security_group",
                    "depends_on": [],
                    "primary": {
                        "id": "sg-08e8608fb18c7e6f8",
                        "attributes": {
                            "arn": "arn:aws:ec2:us-west-2:458372107030:security-group/sg-08e8608fb18c7e6f8",
                            "description": "security group that allows ssh and all egress traffic",
                            "egress.#": "1",
                            "egress.482069346.cidr_blocks.#": "1",
                            "egress.482069346.cidr_blocks.0": "0.0.0.0/0",
                            "egress.482069346.description": "",
                            "egress.482069346.from_port": "0",
                            "egress.482069346.ipv6_cidr_blocks.#": "0",
                            "egress.482069346.prefix_list_ids.#": "0",
                            "egress.482069346.protocol": "-1",
                            "egress.482069346.security_groups.#": "0",
                            "egress.482069346.self": "false",
                            "egress.482069346.to_port": "0",
                            "id": "sg-08e8608fb18c7e6f8",
                            "ingress.#": "1",
                            "ingress.2541437006.cidr_blocks.#": "1",
                            "ingress.2541437006.cidr_blocks.0": "0.0.0.0/0",
                            "ingress.2541437006.description": "",
                            "ingress.2541437006.from_port": "22",
                            "ingress.2541437006.ipv6_cidr_blocks.#": "0",
                            "ingress.2541437006.prefix_list_ids.#": "0",
                            "ingress.2541437006.protocol": "tcp",
                            "ingress.2541437006.security_groups.#": "0",
                            "ingress.2541437006.self": "false",
                            "ingress.2541437006.to_port": "22",
                            "name": "allow-ssh-dev",
                            "owner_id": "458372107030",
                            "revoke_rules_on_delete": "false",
                            "tags.%": "2",
                            "tags.Environmnent": "dev",
                            "tags.Name": "allow-ssh",
                            "vpc_id": "vpc-06aeb20f4dd1853f1"
                        },
                        "meta": {
                            "e2bfb730-ecaa-11e6-8f88-34363bc7c4c0": {
                                "create": 600000000000,
                                "delete": 600000000000
                            },
                            "schema_version": "1"
                        },
                        "tainted": false
                    },
                    "deposed": [],
                    "provider": "provider.aws"
                },
                "data.aws_ami.ubuntu": {
                    "type": "aws_ami",
                    "depends_on": [],
                    "primary": {
                        "id": "ami-0ea790e761025f9ce",
                        "attributes": {
                            "architecture": "x86_64",
                            "block_device_mappings.#": "3",
                            "block_device_mappings.1634610537.device_name": "/dev/sdb",
                            "block_device_mappings.1634610537.ebs.%": "0",
                            "block_device_mappings.1634610537.no_device": "",
                            "block_device_mappings.1634610537.virtual_name": "ephemeral0",
                            "block_device_mappings.2547816212.device_name": "/dev/sda1",
                            "block_device_mappings.2547816212.ebs.%": "6",
                            "block_device_mappings.2547816212.ebs.delete_on_termination": "true",
                            "block_device_mappings.2547816212.ebs.encrypted": "false",
                            "block_device_mappings.2547816212.ebs.iops": "0",
                            "block_device_mappings.2547816212.ebs.snapshot_id": "snap-0a1497060266fcff3",
                            "block_device_mappings.2547816212.ebs.volume_size": "8",
                            "block_device_mappings.2547816212.ebs.volume_type": "gp2",
                            "block_device_mappings.2547816212.no_device": "",
                            "block_device_mappings.2547816212.virtual_name": "",
                            "block_device_mappings.3850042718.device_name": "/dev/sdc",
                            "block_device_mappings.3850042718.ebs.%": "0",
                            "block_device_mappings.3850042718.no_device": "",
                            "block_device_mappings.3850042718.virtual_name": "ephemeral1",
                            "creation_date": "2018-10-23T12:23:46.000Z",
                            "description": "Canonical, Ubuntu, 14.04 LTS, amd64 trusty image build on 2018-10-22",
                            "filter.#": "2",
                            "filter.4182425345.name": "name",
                            "filter.4182425345.values.#": "1",
                            "filter.4182425345.values.0": "ubuntu/images/hvm-ssd/ubuntu-trusty-14.04-amd64-server-*",
                            "filter.490168357.name": "virtualization-type",
                            "filter.490168357.values.#": "1",
                            "filter.490168357.values.0": "hvm",
                            "hypervisor": "xen",
                            "id": "ami-0ea790e761025f9ce",
                            "image_id": "ami-0ea790e761025f9ce",
                            "image_location": "099720109477/ubuntu/images/hvm-ssd/ubuntu-trusty-14.04-amd64-server-20181022",
                            "image_type": "machine",
                            "most_recent": "true",
                            "name": "ubuntu/images/hvm-ssd/ubuntu-trusty-14.04-amd64-server-20181022",
                            "owner_id": "099720109477",
                            "owners.#": "1",
                            "owners.0": "099720109477",
                            "product_codes.#": "0",
                            "public": "true",
                            "root_device_name": "/dev/sda1",
                            "root_device_type": "ebs",
                            "root_snapshot_id": "snap-0a1497060266fcff3",
                            "sriov_net_support": "simple",
                            "state": "available",
                            "state_reason.%": "2",
                            "state_reason.code": "UNSET",
                            "state_reason.message": "UNSET",
                            "tags.%": "0",
                            "virtualization_type": "hvm"
                        },
                        "meta": {},
                        "tainted": false
                    },
                    "deposed": [],
                    "provider": "provider.aws"
                }
            },
            "depends_on": []
        },
        {
            "path": [
                "root",
                "main-vpc"
            ],
            "outputs": {
                "private_subnets": {
                    "sensitive": false,
                    "type": "list",
                    "value": [
                        "subnet-01f7b260078c68b02",
                        "subnet-0e2c8cde5cecf2471",
                        "subnet-02e41fd14ccb13850"
                    ]
                },
                "public_subnets": {
                    "sensitive": false,
                    "type": "list",
                    "value": [
                        "subnet-0d8bb2c02b06182f0",
                        "subnet-07a51a183f172d34c",
                        "subnet-0b7784a7429e5a40d"
                    ]
                },
                "vpc_id": {
                    "sensitive": false,
                    "type": "string",
                    "value": "vpc-06aeb20f4dd1853f1"
                }
            },
            "resources": {},
            "depends_on": []
        },
        {
            "path": [
                "root",
                "main-vpc",
                "main-vpc"
            ],
            "outputs": {
                "database_route_table_ids": {
                    "sensitive": false,
                    "type": "list",
                    "value": [
                        "rtb-0db653f5c3f39a037",
                        "rtb-0a3f548621a796b9d",
                        "rtb-0590a64a6b95d2cb3"
                    ]
                },
                "database_subnet_group": {
                    "sensitive": false,
                    "type": "string",
                    "value": ""
                },
                "database_subnets": {
                    "sensitive": false,
                    "type": "list",
                    "value": []
                },
                "database_subnets_cidr_blocks": {
                    "sensitive": false,
                    "type": "list",
                    "value": []
                },
                "default_network_acl_id": {
                    "sensitive": false,
                    "type": "string",
                    "value": "acl-08205772c34e9f1a0"
                },
                "default_route_table_id": {
                    "sensitive": false,
                    "type": "string",
                    "value": "rtb-094ff6a90271fc27b"
                },
                "default_security_group_id": {
                    "sensitive": false,
                    "type": "string",
                    "value": "sg-0a8933b76a3c50837"
                },
                "default_vpc_cidr_block": {
                    "sensitive": false,
                    "type": "string",
                    "value": ""
                },
                "default_vpc_default_network_acl_id": {
                    "sensitive": false,
                    "type": "string",
                    "value": ""
                },
                "default_vpc_default_route_table_id": {
                    "sensitive": false,
                    "type": "string",
                    "value": ""
                },
                "default_vpc_default_security_group_id": {
                    "sensitive": false,
                    "type": "string",
                    "value": ""
                },
                "default_vpc_enable_dns_hostnames": {
                    "sensitive": false,
                    "type": "string",
                    "value": ""
                },
                "default_vpc_enable_dns_support": {
                    "sensitive": false,
                    "type": "string",
                    "value": ""
                },
                "default_vpc_id": {
                    "sensitive": false,
                    "type": "string",
                    "value": ""
                },
                "default_vpc_instance_tenancy": {
                    "sensitive": false,
                    "type": "string",
                    "value": ""
                },
                "default_vpc_main_route_table_id": {
                    "sensitive": false,
                    "type": "string",
                    "value": ""
                },
                "elasticache_route_table_ids": {
                    "sensitive": false,
                    "type": "list",
                    "value": [
                        "rtb-0db653f5c3f39a037",
                        "rtb-0a3f548621a796b9d",
                        "rtb-0590a64a6b95d2cb3"
                    ]
                },
                "elasticache_subnet_group": {
                    "sensitive": false,
                    "type": "string",
                    "value": ""
                },
                "elasticache_subnet_group_name": {
                    "sensitive": false,
                    "type": "string",
                    "value": ""
                },
                "elasticache_subnets": {
                    "sensitive": false,
                    "type": "list",
                    "value": []
                },
                "elasticache_subnets_cidr_blocks": {
                    "sensitive": false,
                    "type": "list",
                    "value": []
                },
                "igw_id": {
                    "sensitive": false,
                    "type": "string",
                    "value": "igw-046b17e7eae4cd311"
                },
                "intra_route_table_ids": {
                    "sensitive": false,
                    "type": "list",
                    "value": []
                },
                "intra_subnets": {
                    "sensitive": false,
                    "type": "list",
                    "value": []
                },
                "intra_subnets_cidr_blocks": {
                    "sensitive": false,
                    "type": "list",
                    "value": []
                },
                "nat_ids": {
                    "sensitive": false,
                    "type": "list",
                    "value": []
                },
                "nat_public_ips": {
                    "sensitive": false,
                    "type": "list",
                    "value": []
                },
                "natgw_ids": {
                    "sensitive": false,
                    "type": "list",
                    "value": []
                },
                "private_route_table_ids": {
                    "sensitive": false,
                    "type": "list",
                    "value": [
                        "rtb-0db653f5c3f39a037",
                        "rtb-0a3f548621a796b9d",
                        "rtb-0590a64a6b95d2cb3"
                    ]
                },
                "private_subnets": {
                    "sensitive": false,
                    "type": "list",
                    "value": [
                        "subnet-01f7b260078c68b02",
                        "subnet-0e2c8cde5cecf2471",
                        "subnet-02e41fd14ccb13850"
                    ]
                },
                "private_subnets_cidr_blocks": {
                    "sensitive": false,
                    "type": "list",
                    "value": [
                        "10.0.1.0/24",
                        "10.0.2.0/24",
                        "10.0.3.0/24"
                    ]
                },
                "public_route_table_ids": {
                    "sensitive": false,
                    "type": "list",
                    "value": [
                        "rtb-04dbc97fbb51c80e6"
                    ]
                },
                "public_subnets": {
                    "sensitive": false,
                    "type": "list",
                    "value": [
                        "subnet-0d8bb2c02b06182f0",
                        "subnet-07a51a183f172d34c",
                        "subnet-0b7784a7429e5a40d"
                    ]
                },
                "public_subnets_cidr_blocks": {
                    "sensitive": false,
                    "type": "list",
                    "value": [
                        "10.0.101.0/24",
                        "10.0.102.0/24",
                        "10.0.103.0/24"
                    ]
                },
                "redshift_route_table_ids": {
                    "sensitive": false,
                    "type": "list",
                    "value": [
                        "rtb-0db653f5c3f39a037",
                        "rtb-0a3f548621a796b9d",
                        "rtb-0590a64a6b95d2cb3"
                    ]
                },
                "redshift_subnet_group": {
                    "sensitive": false,
                    "type": "string",
                    "value": ""
                },
                "redshift_subnets": {
                    "sensitive": false,
                    "type": "list",
                    "value": []
                },
                "redshift_subnets_cidr_blocks": {
                    "sensitive": false,
                    "type": "list",
                    "value": []
                },
                "vgw_id": {
                    "sensitive": false,
                    "type": "string",
                    "value": ""
                },
                "vpc_cidr_block": {
                    "sensitive": false,
                    "type": "string",
                    "value": "10.0.0.0/16"
                },
                "vpc_enable_dns_hostnames": {
                    "sensitive": false,
                    "type": "string",
                    "value": "false"
                },
                "vpc_enable_dns_support": {
                    "sensitive": false,
                    "type": "string",
                    "value": "true"
                },
                "vpc_endpoint_dynamodb_id": {
                    "sensitive": false,
                    "type": "string",
                    "value": ""
                },
                "vpc_endpoint_dynamodb_pl_id": {
                    "sensitive": false,
                    "type": "string",
                    "value": ""
                },
                "vpc_endpoint_s3_id": {
                    "sensitive": false,
                    "type": "string",
                    "value": ""
                },
                "vpc_endpoint_s3_pl_id": {
                    "sensitive": false,
                    "type": "string",
                    "value": ""
                },
                "vpc_id": {
                    "sensitive": false,
                    "type": "string",
                    "value": "vpc-06aeb20f4dd1853f1"
                },
                "vpc_instance_tenancy": {
                    "sensitive": false,
                    "type": "string",
                    "value": "default"
                },
                "vpc_main_route_table_id": {
                    "sensitive": false,
                    "type": "string",
                    "value": "rtb-094ff6a90271fc27b"
                },
                "vpc_secondary_cidr_blocks": {
                    "sensitive": false,
                    "type": "list",
                    "value": []
                }
            },
            "resources": {
                "aws_internet_gateway.this": {
                    "type": "aws_internet_gateway",
                    "depends_on": [
                        "local.vpc_id"
                    ],
                    "primary": {
                        "id": "igw-046b17e7eae4cd311",
                        "attributes": {
                            "id": "igw-046b17e7eae4cd311",
                            "tags.%": "3",
                            "tags.Environment": "dev",
                            "tags.Name": "vpc-dev",
                            "tags.Terraform": "true",
                            "vpc_id": "vpc-06aeb20f4dd1853f1"
                        },
                        "meta": {},
                        "tainted": false
                    },
                    "deposed": [],
                    "provider": "provider.aws"
                },
                "aws_route.public_internet_gateway": {
                    "type": "aws_route",
                    "depends_on": [
                        "aws_internet_gateway.this",
                        "aws_route_table.public"
                    ],
                    "primary": {
                        "id": "r-rtb-04dbc97fbb51c80e61080289494",
                        "attributes": {
                            "destination_cidr_block": "0.0.0.0/0",
                            "destination_prefix_list_id": "",
                            "egress_only_gateway_id": "",
                            "gateway_id": "igw-046b17e7eae4cd311",
                            "id": "r-rtb-04dbc97fbb51c80e61080289494",
                            "instance_id": "",
                            "instance_owner_id": "",
                            "nat_gateway_id": "",
                            "network_interface_id": "",
                            "origin": "CreateRoute",
                            "route_table_id": "rtb-04dbc97fbb51c80e6",
                            "state": "active",
                            "vpc_peering_connection_id": ""
                        },
                        "meta": {
                            "e2bfb730-ecaa-11e6-8f88-34363bc7c4c0": {
                                "create": 300000000000,
                                "delete": 300000000000
                            }
                        },
                        "tainted": false
                    },
                    "deposed": [],
                    "provider": "provider.aws"
                },
                "aws_route_table.private.0": {
                    "type": "aws_route_table",
                    "depends_on": [
                        "local.max_subnet_length",
                        "local.nat_gateway_count",
                        "local.vpc_id"
                    ],
                    "primary": {
                        "id": "rtb-0db653f5c3f39a037",
                        "attributes": {
                            "id": "rtb-0db653f5c3f39a037",
                            "propagating_vgws.#": "0",
                            "route.#": "0",
                            "tags.%": "3",
                            "tags.Environment": "dev",
                            "tags.Name": "vpc-dev-private-us-west-2a",
                            "tags.Terraform": "true",
                            "vpc_id": "vpc-06aeb20f4dd1853f1"
                        },
                        "meta": {},
                        "tainted": false
                    },
                    "deposed": [],
                    "provider": "provider.aws"
                },
                "aws_route_table.private.1": {
                    "type": "aws_route_table",
                    "depends_on": [
                        "local.max_subnet_length",
                        "local.nat_gateway_count",
                        "local.vpc_id"
                    ],
                    "primary": {
                        "id": "rtb-0a3f548621a796b9d",
                        "attributes": {
                            "id": "rtb-0a3f548621a796b9d",
                            "propagating_vgws.#": "0",
                            "route.#": "0",
                            "tags.%": "3",
                            "tags.Environment": "dev",
                            "tags.Name": "vpc-dev-private-us-west-2b",
                            "tags.Terraform": "true",
                            "vpc_id": "vpc-06aeb20f4dd1853f1"
                        },
                        "meta": {},
                        "tainted": false
                    },
                    "deposed": [],
                    "provider": "provider.aws"
                },
                "aws_route_table.private.2": {
                    "type": "aws_route_table",
                    "depends_on": [
                        "local.max_subnet_length",
                        "local.nat_gateway_count",
                        "local.vpc_id"
                    ],
                    "primary": {
                        "id": "rtb-0590a64a6b95d2cb3",
                        "attributes": {
                            "id": "rtb-0590a64a6b95d2cb3",
                            "propagating_vgws.#": "0",
                            "route.#": "0",
                            "tags.%": "3",
                            "tags.Environment": "dev",
                            "tags.Name": "vpc-dev-private-us-west-2c",
                            "tags.Terraform": "true",
                            "vpc_id": "vpc-06aeb20f4dd1853f1"
                        },
                        "meta": {},
                        "tainted": false
                    },
                    "deposed": [],
                    "provider": "provider.aws"
                },
                "aws_route_table.public": {
                    "type": "aws_route_table",
                    "depends_on": [
                        "local.vpc_id"
                    ],
                    "primary": {
                        "id": "rtb-04dbc97fbb51c80e6",
                        "attributes": {
                            "id": "rtb-04dbc97fbb51c80e6",
                            "propagating_vgws.#": "0",
                            "route.#": "0",
                            "tags.%": "3",
                            "tags.Environment": "dev",
                            "tags.Name": "vpc-dev-public",
                            "tags.Terraform": "true",
                            "vpc_id": "vpc-06aeb20f4dd1853f1"
                        },
                        "meta": {},
                        "tainted": false
                    },
                    "deposed": [],
                    "provider": "provider.aws"
                },
                "aws_route_table_association.private.0": {
                    "type": "aws_route_table_association",
                    "depends_on": [
                        "aws_route_table.private.*",
                        "aws_subnet.private.*"
                    ],
                    "primary": {
                        "id": "rtbassoc-0e6df9d980c0bebd2",
                        "attributes": {
                            "id": "rtbassoc-0e6df9d980c0bebd2",
                            "route_table_id": "rtb-0db653f5c3f39a037",
                            "subnet_id": "subnet-01f7b260078c68b02"
                        },
                        "meta": {},
                        "tainted": false
                    },
                    "deposed": [],
                    "provider": "provider.aws"
                },
                "aws_route_table_association.private.1": {
                    "type": "aws_route_table_association",
                    "depends_on": [
                        "aws_route_table.private.*",
                        "aws_subnet.private.*"
                    ],
                    "primary": {
                        "id": "rtbassoc-0fa342778948845b3",
                        "attributes": {
                            "id": "rtbassoc-0fa342778948845b3",
                            "route_table_id": "rtb-0a3f548621a796b9d",
                            "subnet_id": "subnet-0e2c8cde5cecf2471"
                        },
                        "meta": {},
                        "tainted": false
                    },
                    "deposed": [],
                    "provider": "provider.aws"
                },
                "aws_route_table_association.private.2": {
                    "type": "aws_route_table_association",
                    "depends_on": [
                        "aws_route_table.private.*",
                        "aws_subnet.private.*"
                    ],
                    "primary": {
                        "id": "rtbassoc-06446cae59d12a6b1",
                        "attributes": {
                            "id": "rtbassoc-06446cae59d12a6b1",
                            "route_table_id": "rtb-0590a64a6b95d2cb3",
                            "subnet_id": "subnet-02e41fd14ccb13850"
                        },
                        "meta": {},
                        "tainted": false
                    },
                    "deposed": [],
                    "provider": "provider.aws"
                },
                "aws_route_table_association.public.0": {
                    "type": "aws_route_table_association",
                    "depends_on": [
                        "aws_route_table.public",
                        "aws_subnet.public.*"
                    ],
                    "primary": {
                        "id": "rtbassoc-0d9fcc207a78532e7",
                        "attributes": {
                            "id": "rtbassoc-0d9fcc207a78532e7",
                            "route_table_id": "rtb-04dbc97fbb51c80e6",
                            "subnet_id": "subnet-0d8bb2c02b06182f0"
                        },
                        "meta": {},
                        "tainted": false
                    },
                    "deposed": [],
                    "provider": "provider.aws"
                },
                "aws_route_table_association.public.1": {
                    "type": "aws_route_table_association",
                    "depends_on": [
                        "aws_route_table.public",
                        "aws_subnet.public.*"
                    ],
                    "primary": {
                        "id": "rtbassoc-04d2ff768c48088ca",
                        "attributes": {
                            "id": "rtbassoc-04d2ff768c48088ca",
                            "route_table_id": "rtb-04dbc97fbb51c80e6",
                            "subnet_id": "subnet-07a51a183f172d34c"
                        },
                        "meta": {},
                        "tainted": false
                    },
                    "deposed": [],
                    "provider": "provider.aws"
                },
                "aws_route_table_association.public.2": {
                    "type": "aws_route_table_association",
                    "depends_on": [
                        "aws_route_table.public",
                        "aws_subnet.public.*"
                    ],
                    "primary": {
                        "id": "rtbassoc-0db7b64d7c6aa6cb7",
                        "attributes": {
                            "id": "rtbassoc-0db7b64d7c6aa6cb7",
                            "route_table_id": "rtb-04dbc97fbb51c80e6",
                            "subnet_id": "subnet-0b7784a7429e5a40d"
                        },
                        "meta": {},
                        "tainted": false
                    },
                    "deposed": [],
                    "provider": "provider.aws"
                },
                "aws_subnet.private.0": {
                    "type": "aws_subnet",
                    "depends_on": [
                        "local.vpc_id"
                    ],
                    "primary": {
                        "id": "subnet-01f7b260078c68b02",
                        "attributes": {
                            "arn": "arn:aws:ec2:us-west-2:458372107030:subnet/subnet-01f7b260078c68b02",
                            "assign_ipv6_address_on_creation": "false",
                            "availability_zone": "us-west-2a",
                            "cidr_block": "10.0.1.0/24",
                            "id": "subnet-01f7b260078c68b02",
                            "map_public_ip_on_launch": "false",
                            "tags.%": "3",
                            "tags.Environment": "dev",
                            "tags.Name": "vpc-dev-private-us-west-2a",
                            "tags.Terraform": "true",
                            "vpc_id": "vpc-06aeb20f4dd1853f1"
                        },
                        "meta": {
                            "e2bfb730-ecaa-11e6-8f88-34363bc7c4c0": {
                                "create": 600000000000,
                                "delete": 600000000000
                            },
                            "schema_version": "1"
                        },
                        "tainted": false
                    },
                    "deposed": [],
                    "provider": "provider.aws"
                },
                "aws_subnet.private.1": {
                    "type": "aws_subnet",
                    "depends_on": [
                        "local.vpc_id"
                    ],
                    "primary": {
                        "id": "subnet-0e2c8cde5cecf2471",
                        "attributes": {
                            "arn": "arn:aws:ec2:us-west-2:458372107030:subnet/subnet-0e2c8cde5cecf2471",
                            "assign_ipv6_address_on_creation": "false",
                            "availability_zone": "us-west-2b",
                            "cidr_block": "10.0.2.0/24",
                            "id": "subnet-0e2c8cde5cecf2471",
                            "map_public_ip_on_launch": "false",
                            "tags.%": "3",
                            "tags.Environment": "dev",
                            "tags.Name": "vpc-dev-private-us-west-2b",
                            "tags.Terraform": "true",
                            "vpc_id": "vpc-06aeb20f4dd1853f1"
                        },
                        "meta": {
                            "e2bfb730-ecaa-11e6-8f88-34363bc7c4c0": {
                                "create": 600000000000,
                                "delete": 600000000000
                            },
                            "schema_version": "1"
                        },
                        "tainted": false
                    },
                    "deposed": [],
                    "provider": "provider.aws"
                },
                "aws_subnet.private.2": {
                    "type": "aws_subnet",
                    "depends_on": [
                        "local.vpc_id"
                    ],
                    "primary": {
                        "id": "subnet-02e41fd14ccb13850",
                        "attributes": {
                            "arn": "arn:aws:ec2:us-west-2:458372107030:subnet/subnet-02e41fd14ccb13850",
                            "assign_ipv6_address_on_creation": "false",
                            "availability_zone": "us-west-2c",
                            "cidr_block": "10.0.3.0/24",
                            "id": "subnet-02e41fd14ccb13850",
                            "map_public_ip_on_launch": "false",
                            "tags.%": "3",
                            "tags.Environment": "dev",
                            "tags.Name": "vpc-dev-private-us-west-2c",
                            "tags.Terraform": "true",
                            "vpc_id": "vpc-06aeb20f4dd1853f1"
                        },
                        "meta": {
                            "e2bfb730-ecaa-11e6-8f88-34363bc7c4c0": {
                                "create": 600000000000,
                                "delete": 600000000000
                            },
                            "schema_version": "1"
                        },
                        "tainted": false
                    },
                    "deposed": [],
                    "provider": "provider.aws"
                },
                "aws_subnet.public.0": {
                    "type": "aws_subnet",
                    "depends_on": [
                        "local.vpc_id"
                    ],
                    "primary": {
                        "id": "subnet-0d8bb2c02b06182f0",
                        "attributes": {
                            "arn": "arn:aws:ec2:us-west-2:458372107030:subnet/subnet-0d8bb2c02b06182f0",
                            "assign_ipv6_address_on_creation": "false",
                            "availability_zone": "us-west-2a",
                            "cidr_block": "10.0.101.0/24",
                            "id": "subnet-0d8bb2c02b06182f0",
                            "map_public_ip_on_launch": "true",
                            "tags.%": "3",
                            "tags.Environment": "dev",
                            "tags.Name": "vpc-dev-public-us-west-2a",
                            "tags.Terraform": "true",
                            "vpc_id": "vpc-06aeb20f4dd1853f1"
                        },
                        "meta": {
                            "e2bfb730-ecaa-11e6-8f88-34363bc7c4c0": {
                                "create": 600000000000,
                                "delete": 600000000000
                            },
                            "schema_version": "1"
                        },
                        "tainted": false
                    },
                    "deposed": [],
                    "provider": "provider.aws"
                },
                "aws_subnet.public.1": {
                    "type": "aws_subnet",
                    "depends_on": [
                        "local.vpc_id"
                    ],
                    "primary": {
                        "id": "subnet-07a51a183f172d34c",
                        "attributes": {
                            "arn": "arn:aws:ec2:us-west-2:458372107030:subnet/subnet-07a51a183f172d34c",
                            "assign_ipv6_address_on_creation": "false",
                            "availability_zone": "us-west-2b",
                            "cidr_block": "10.0.102.0/24",
                            "id": "subnet-07a51a183f172d34c",
                            "map_public_ip_on_launch": "true",
                            "tags.%": "3",
                            "tags.Environment": "dev",
                            "tags.Name": "vpc-dev-public-us-west-2b",
                            "tags.Terraform": "true",
                            "vpc_id": "vpc-06aeb20f4dd1853f1"
                        },
                        "meta": {
                            "e2bfb730-ecaa-11e6-8f88-34363bc7c4c0": {
                                "create": 600000000000,
                                "delete": 600000000000
                            },
                            "schema_version": "1"
                        },
                        "tainted": false
                    },
                    "deposed": [],
                    "provider": "provider.aws"
                },
                "aws_subnet.public.2": {
                    "type": "aws_subnet",
                    "depends_on": [
                        "local.vpc_id"
                    ],
                    "primary": {
                        "id": "subnet-0b7784a7429e5a40d",
                        "attributes": {
                            "arn": "arn:aws:ec2:us-west-2:458372107030:subnet/subnet-0b7784a7429e5a40d",
                            "assign_ipv6_address_on_creation": "false",
                            "availability_zone": "us-west-2c",
                            "cidr_block": "10.0.103.0/24",
                            "id": "subnet-0b7784a7429e5a40d",
                            "map_public_ip_on_launch": "true",
                            "tags.%": "3",
                            "tags.Environment": "dev",
                            "tags.Name": "vpc-dev-public-us-west-2c",
                            "tags.Terraform": "true",
                            "vpc_id": "vpc-06aeb20f4dd1853f1"
                        },
                        "meta": {
                            "e2bfb730-ecaa-11e6-8f88-34363bc7c4c0": {
                                "create": 600000000000,
                                "delete": 600000000000
                            },
                            "schema_version": "1"
                        },
                        "tainted": false
                    },
                    "deposed": [],
                    "provider": "provider.aws"
                },
                "aws_vpc.this": {
                    "type": "aws_vpc",
                    "depends_on": [],
                    "primary": {
                        "id": "vpc-06aeb20f4dd1853f1",
                        "attributes": {
                            "arn": "arn:aws:ec2:us-west-2:458372107030:vpc/vpc-06aeb20f4dd1853f1",
                            "assign_generated_ipv6_cidr_block": "false",
                            "cidr_block": "10.0.0.0/16",
                            "default_network_acl_id": "acl-08205772c34e9f1a0",
                            "default_route_table_id": "rtb-094ff6a90271fc27b",
                            "default_security_group_id": "sg-0a8933b76a3c50837",
                            "dhcp_options_id": "dopt-12796870",
                            "enable_classiclink": "false",
                            "enable_classiclink_dns_support": "false",
                            "enable_dns_hostnames": "false",
                            "enable_dns_support": "true",
                            "id": "vpc-06aeb20f4dd1853f1",
                            "instance_tenancy": "default",
                            "main_route_table_id": "rtb-094ff6a90271fc27b",
                            "tags.%": "3",
                            "tags.Environment": "dev",
                            "tags.Name": "vpc-dev",
                            "tags.Terraform": "true"
                        },
                        "meta": {
                            "schema_version": "1"
                        },
                        "tainted": false
                    },
                    "deposed": [],
                    "provider": "provider.aws"
                }
            },
            "depends_on": []
        }
    ]
}
